
Microsoft Visual Studio Solution File, Format Version 12.00
# Visual Studio Version 17
VisualStudioVersion = 17.8.34330.188
MinimumVisualStudioVersion = 10.0.40219.1
Project("{9A19103F-16F7-4668-BE54-9A1E7A4F7556}") = "Parcial1_AP1_CristopherMarte", "Parcial1_AP1_CristopherMarte.csproj", "{8FDFBECE-3A57-4E67-AD9C-BC69877CA509}"
EndProject
Global
	GlobalSection(SolutionConfigurationPlatforms) = preSolution
		Debug|Any CPU = Debug|Any CPU
		Release|Any CPU = Release|Any CPU
	EndGlobalSection
	GlobalSection(ProjectConfigurationPlatforms) = postSolution
		{8FDFBECE-3A57-4E67-AD9C-BC69877CA509}.Debug|Any CPU.ActiveCfg = Debug|Any CPU
		{8FDFBECE-3A57-4E67-AD9C-BC69877CA509}.Debug|Any CPU.Build.0 = Debug|Any CPU
		{8FDFBECE-3A57-4E67-AD9C-BC69877CA509}.Release|Any CPU.ActiveCfg = Release|Any CPU
		{8FDFBECE-3A57-4E67-AD9C-BC69877CA509}.Release|Any CPU.Build.0 = Release|Any CPU
	EndGlobalSection
	GlobalSection(SolutionProperties) = preSolution
		HideSolutionNode = FALSE
	EndGlobalSection
	GlobalSection(ExtensibilityGlobals) = postSolution
		SolutionGuid = {C4BE436F-BAA6-46F3-B267-562357178EE1}
	EndGlobalSection
EndGlobal
